
Microsoft Visual Studio Solution File, Format Version 12.00
# Visual Studio 15
Project("{FAE04EC0-301F-11D3-BF4B-00C04F79EFBC}") = "Assembly-CSharp", "Assembly-CSharp.csproj", "{D9EB64F9-7785-8A6A-6DA4-58340738F916}"
EndProject
Project("{FAE04EC0-301F-11D3-BF4B-00C04F79EFBC}") = "Assembly-CSharp-Editor", "Assembly-CSharp-Editor.csproj", "{D23D0D96-1E05-A6EA-2216-11EB22CAFB5A}"
EndProject
Global
	GlobalSection(SolutionConfigurationPlatforms) = preSolution
		Debug|Any CPU = Debug|Any CPU
		Release|Any CPU = Release|Any CPU
	EndGlobalSection
	GlobalSection(ProjectConfigurationPlatforms) = postSolution
		{D9EB64F9-7785-8A6A-6DA4-58340738F916}.Debug|Any CPU.ActiveCfg = Debug|Any CPU
		{D9EB64F9-7785-8A6A-6DA4-58340738F916}.Debug|Any CPU.Build.0 = Debug|Any CPU
		{D9EB64F9-7785-8A6A-6DA4-58340738F916}.Release|Any CPU.ActiveCfg = Release|Any CPU
		{D9EB64F9-7785-8A6A-6DA4-58340738F916}.Release|Any CPU.Build.0 = Release|Any CPU
		{D23D0D96-1E05-A6EA-2216-11EB22CAFB5A}.Debug|Any CPU.ActiveCfg = Debug|Any CPU
		{D23D0D96-1E05-A6EA-2216-11EB22CAFB5A}.Debug|Any CPU.Build.0 = Debug|Any CPU
		{D23D0D96-1E05-A6EA-2216-11EB22CAFB5A}.Release|Any CPU.ActiveCfg = Release|Any CPU
		{D23D0D96-1E05-A6EA-2216-11EB22CAFB5A}.Release|Any CPU.Build.0 = Release|Any CPU
	EndGlobalSection
	GlobalSection(SolutionProperties) = preSolution
		HideSolutionNode = FALSE
	EndGlobalSection
EndGlobal
